// !$*UTF8*$!
{
	archiveVersion = 1;
	classes = {
	};
	objectVersion = 46;
	objects = {

/* Begin PBXBuildFile section */
		09686FFFDB384428244B0F85 /* IOKit.framework */ = {isa = PBXBuildFile; fileRef = 4AC51021EB9F8CCDFFF4A0EE; };
		22BB1106A31731F200FE35C9 /* MainComponent.cpp */ = {isa = PBXBuildFile; fileRef = BD5A1EE026BBB00008187ABA; };
		263119ECC12324E253B04CFC /* QuartzCore.framework */ = {isa = PBXBuildFile; fileRef = 0F17E84D37CD09436037B00B; };
		3E3BFF06E05CDB447A10B726 /* include_juce_core.mm */ = {isa = PBXBuildFile; fileRef = 51D4E87852A60A8EC044D2B3; };
		43F653542AC2967BABD7D3C3 /* Calculator.cpp */ = {isa = PBXBuildFile; fileRef = 5D1A3ED50099D74A467DCE80; };
		488A2CBE52CCADEC4C59D728 /* Cocoa.framework */ = {isa = PBXBuildFile; fileRef = 8CE3443E61FD825C3E2649B3; };
		55EDEB3D0EB27066848503A4 /* CustomSliderComponent.cpp */ = {isa = PBXBuildFile; fileRef = CDBED57DA4601425ABF9ECB8; };
		6187762598C1C104F2BE6323 /* RecentFilesMenuTemplate.nib */ = {isa = PBXBuildFile; fileRef = 2CF80C09B1BFC5C9B5EE5457; };
		65576D113FAFFE06451DD550 /* MidiManufacturer.cpp */ = {isa = PBXBuildFile; fileRef = FD6E3D1E4AE89E8DD65400DA; };
		6AFA05EB026619E6547B994D /* include_juce_graphics.mm */ = {isa = PBXBuildFile; fileRef = 461C482CD21FCECA53BA36A0; };
		719EC49E3B190334C46DAF80 /* Carbon.framework */ = {isa = PBXBuildFile; fileRef = F0B1F5488E6D25B8AEB963A1; };
		A493288ADDDD6659FCA5A7B7 /* include_juce_events.mm */ = {isa = PBXBuildFile; fileRef = D38CA1295990322EE3E2CE09; };
		B36F59D3F78D1E1D692CCACE /* Foundation.framework */ = {isa = PBXBuildFile; fileRef = 75D5529A613A6B254A881F86; };
		D571254F3038DF6EBEA8EC84 /* include_juce_data_structures.mm */ = {isa = PBXBuildFile; fileRef = F25FFE8A8656B023E857E4FE; };
		DB82A708997443FDCB7ECA1C /* BinaryData.cpp */ = {isa = PBXBuildFile; fileRef = 410CA7B49BBD637CD331FC48; };
		DC66F6C806E887AAACF0233B /* include_juce_gui_basics.mm */ = {isa = PBXBuildFile; fileRef = B171835182C59DF9DC4D66F6; };
		E8E19FDF258527669156684F /* App */ = {isa = PBXBuildFile; fileRef = D90B5874F4A5B0264CA5E39A; };
		FB7F6B6D6F80B268A75B5354 /* Main.cpp */ = {isa = PBXBuildFile; fileRef = F6ED805275A9AEFC5AD49368; };
/* End PBXBuildFile section */

/* Begin PBXFileReference section */
		0073BE0746AB55341C5954B7 /* CustomSliderComponent.h */ /* CustomSliderComponent.h */ = {isa = PBXFileReference; lastKnownFileType = sourcecode.c.h; name = CustomSliderComponent.h; path = ../../Source/CustomSliderComponent.h; sourceTree = SOURCE_ROOT; };
		0F17E84D37CD09436037B00B /* QuartzCore.framework */ /* QuartzCore.framework */ = {isa = PBXFileReference; lastKnownFileType = wrapper.framework; name = QuartzCore.framework; path = System/Library/Frameworks/QuartzCore.framework; sourceTree = SDKROOT; };
		2116AF47C87884EBDF15577E /* juce_data_structures */ /* juce_data_structures */ = {isa = PBXFileReference; lastKnownFileType = folder; name = juce_data_structures; path = "~/JUCE/modules/juce_data_structures"; sourceTree = "<absolute>"; };
		23630238DDE30F4A9A3ED2A3 /* MainComponent.h */ /* MainComponent.h */ = {isa = PBXFileReference; lastKnownFileType = sourcecode.c.h; name = MainComponent.h; path = ../../Source/MainComponent.h; sourceTree = SOURCE_ROOT; };
		2CF80C09B1BFC5C9B5EE5457 /* RecentFilesMenuTemplate.nib */ /* RecentFilesMenuTemplate.nib */ = {isa = PBXFileReference; lastKnownFileType = file.nib; name = RecentFilesMenuTemplate.nib; path = RecentFilesMenuTemplate.nib; sourceTree = SOURCE_ROOT; };
		37F7D0A6AE0D0D5A3125548B /* JuceHeader.h */ /* JuceHeader.h */ = {isa = PBXFileReference; lastKnownFileType = sourcecode.c.h; name = JuceHeader.h; path = ../../JuceLibraryCode/JuceHeader.h; sourceTree = SOURCE_ROOT; };
		410CA7B49BBD637CD331FC48 /* BinaryData.cpp */ /* BinaryData.cpp */ = {isa = PBXFileReference; lastKnownFileType = sourcecode.cpp.cpp; name = BinaryData.cpp; path = ../../JuceLibraryCode/BinaryData.cpp; sourceTree = SOURCE_ROOT; };
		461C482CD21FCECA53BA36A0 /* include_juce_graphics.mm */ /* include_juce_graphics.mm */ = {isa = PBXFileReference; lastKnownFileType = sourcecode.cpp.objcpp; name = include_juce_graphics.mm; path = ../../JuceLibraryCode/include_juce_graphics.mm; sourceTree = SOURCE_ROOT; };
		4AC51021EB9F8CCDFFF4A0EE /* IOKit.framework */ /* IOKit.framework */ = {isa = PBXFileReference; lastKnownFileType = wrapper.framework; name = IOKit.framework; path = System/Library/Frameworks/IOKit.framework; sourceTree = SDKROOT; };
		51D4E87852A60A8EC044D2B3 /* include_juce_core.mm */ /* include_juce_core.mm */ = {isa = PBXFileReference; lastKnownFileType = sourcecode.cpp.objcpp; name = include_juce_core.mm; path = ../../JuceLibraryCode/include_juce_core.mm; sourceTree = SOURCE_ROOT; };
		5377AAEE173116DF00890262 /* juce_core */ /* juce_core */ = {isa = PBXFileReference; lastKnownFileType = folder; name = juce_core; path = "~/JUCE/modules/juce_core"; sourceTree = "<absolute>"; };
		5D1A3ED50099D74A467DCE80 /* Calculator.cpp */ /* Calculator.cpp */ = {isa = PBXFileReference; lastKnownFileType = sourcecode.cpp.cpp; name = Calculator.cpp; path = ../../Source/Calculator.cpp; sourceTree = SOURCE_ROOT; };
		722ABAE63933D423AA59C84E /* Info-App.plist */ /* Info-App.plist */ = {isa = PBXFileReference; lastKnownFileType = text.plist.xml; name = "Info-App.plist"; path = "Info-App.plist"; sourceTree = SOURCE_ROOT; };
		73A2148F603FA6D7B0FB267B /* juce_graphics */ /* juce_graphics */ = {isa = PBXFileReference; lastKnownFileType = folder; name = juce_graphics; path = "~/JUCE/modules/juce_graphics"; sourceTree = "<absolute>"; };
		75D5529A613A6B254A881F86 /* Foundation.framework */ /* Foundation.framework */ = {isa = PBXFileReference; lastKnownFileType = wrapper.framework; name = Foundation.framework; path = System/Library/Frameworks/Foundation.framework; sourceTree = SDKROOT; };
		7CF96CA1675F5B3005B02F94 /* MidiManufacturer.h */ /* MidiManufacturer.h */ = {isa = PBXFileReference; lastKnownFileType = sourcecode.c.h; name = MidiManufacturer.h; path = ../../Source/MidiManufacturer.h; sourceTree = SOURCE_ROOT; };
		8AAB1E70D421B80DC28F2B38 /* BinaryData.h */ /* BinaryData.h */ = {isa = PBXFileReference; lastKnownFileType = sourcecode.c.h; name = BinaryData.h; path = ../../JuceLibraryCode/BinaryData.h; sourceTree = SOURCE_ROOT; };
		8CE3443E61FD825C3E2649B3 /* Cocoa.framework */ /* Cocoa.framework */ = {isa = PBXFileReference; lastKnownFileType = wrapper.framework; name = Cocoa.framework; path = System/Library/Frameworks/Cocoa.framework; sourceTree = SDKROOT; };
		965818EDB8052A4BA6D7BE9B /* juce_events */ /* juce_events */ = {isa = PBXFileReference; lastKnownFileType = folder; name = juce_events; path = "~/JUCE/modules/juce_events"; sourceTree = "<absolute>"; };
		AD4E36B1BF1661F68A547A8D /* juce_gui_basics */ /* juce_gui_basics */ = {isa = PBXFileReference; lastKnownFileType = folder; name = juce_gui_basics; path = "~/JUCE/modules/juce_gui_basics"; sourceTree = "<absolute>"; };
		B171835182C59DF9DC4D66F6 /* include_juce_gui_basics.mm */ /* include_juce_gui_basics.mm */ = {isa = PBXFileReference; lastKnownFileType = sourcecode.cpp.objcpp; name = include_juce_gui_basics.mm; path = ../../JuceLibraryCode/include_juce_gui_basics.mm; sourceTree = SOURCE_ROOT; };
		BD5A1EE026BBB00008187ABA /* MainComponent.cpp */ /* MainComponent.cpp */ = {isa = PBXFileReference; lastKnownFileType = sourcecode.cpp.cpp; name = MainComponent.cpp; path = ../../Source/MainComponent.cpp; sourceTree = SOURCE_ROOT; };
		CDBED57DA4601425ABF9ECB8 /* CustomSliderComponent.cpp */ /* CustomSliderComponent.cpp */ = {isa = PBXFileReference; lastKnownFileType = sourcecode.cpp.cpp; name = CustomSliderComponent.cpp; path = ../../Source/CustomSliderComponent.cpp; sourceTree = SOURCE_ROOT; };
		D38CA1295990322EE3E2CE09 /* include_juce_events.mm */ /* include_juce_events.mm */ = {isa = PBXFileReference; lastKnownFileType = sourcecode.cpp.objcpp; name = include_juce_events.mm; path = ../../JuceLibraryCode/include_juce_events.mm; sourceTree = SOURCE_ROOT; };
		D90B5874F4A5B0264CA5E39A /* App */ = {isa = PBXFileReference; explicitFileType = wrapper.application; includeInIndex = 0; path = CSCalc.app; sourceTree = BUILT_PRODUCTS_DIR; };
		F0B1F5488E6D25B8AEB963A1 /* Carbon.framework */ /* Carbon.framework */ = {isa = PBXFileReference; lastKnownFileType = wrapper.framework; name = Carbon.framework; path = System/Library/Frameworks/Carbon.framework; sourceTree = SDKROOT; };
		F25FFE8A8656B023E857E4FE /* include_juce_data_structures.mm */ /* include_juce_data_structures.mm */ = {isa = PBXFileReference; lastKnownFileType = sourcecode.cpp.objcpp; name = include_juce_data_structures.mm; path = ../../JuceLibraryCode/include_juce_data_structures.mm; sourceTree = SOURCE_ROOT; };
		F53EFFA1A53D542F7012CB90 /* csc.png */ /* csc.png */ = {isa = PBXFileReference; lastKnownFileType = image.png; name = csc.png; path = ../../../csc.png; sourceTree = SOURCE_ROOT; };
		F6ED805275A9AEFC5AD49368 /* Main.cpp */ /* Main.cpp */ = {isa = PBXFileReference; lastKnownFileType = sourcecode.cpp.cpp; name = Main.cpp; path = ../../Source/Main.cpp; sourceTree = SOURCE_ROOT; };
		F8C46BBE9BED61D5E79295FB /* Calculator.h */ /* Calculator.h */ = {isa = PBXFileReference; lastKnownFileType = sourcecode.c.h; name = Calculator.h; path = ../../Source/Calculator.h; sourceTree = SOURCE_ROOT; };
		FD6E3D1E4AE89E8DD65400DA /* MidiManufacturer.cpp */ /* MidiManufacturer.cpp */ = {isa = PBXFileReference; lastKnownFileType = sourcecode.cpp.cpp; name = MidiManufacturer.cpp; path = ../../Source/MidiManufacturer.cpp; sourceTree = SOURCE_ROOT; };
/* End PBXFileReference section */

/* Begin PBXFrameworksBuildPhase section */
		E3225BE3D70C86591A7B9CAD = {
			isa = PBXFrameworksBuildPhase;
			buildActionMask = 2147483647;
			files = (
				719EC49E3B190334C46DAF80,
				488A2CBE52CCADEC4C59D728,
				B36F59D3F78D1E1D692CCACE,
				09686FFFDB384428244B0F85,
				263119ECC12324E253B04CFC,
			);
			runOnlyForDeploymentPostprocessing = 0;
		};
/* End PBXFrameworksBuildPhase section */

/* Begin PBXGroup section */
		3D5E798E005744B0E94EA270 /* JUCE Modules */ = {
			isa = PBXGroup;
			children = (
				5377AAEE173116DF00890262,
				2116AF47C87884EBDF15577E,
				965818EDB8052A4BA6D7BE9B,
				73A2148F603FA6D7B0FB267B,
				AD4E36B1BF1661F68A547A8D,
			);
			name = "JUCE Modules";
			sourceTree = "<group>";
		};
		3D6766365ECE62282D6A9D27 /* Resources */ = {
			isa = PBXGroup;
			children = (
				722ABAE63933D423AA59C84E,
				2CF80C09B1BFC5C9B5EE5457,
			);
			name = Resources;
			sourceTree = "<group>";
		};
		4629C4527BFFA6B08A5433CD /* JUCE Library Code */ = {
			isa = PBXGroup;
			children = (
				410CA7B49BBD637CD331FC48,
				8AAB1E70D421B80DC28F2B38,
				51D4E87852A60A8EC044D2B3,
				F25FFE8A8656B023E857E4FE,
				D38CA1295990322EE3E2CE09,
				461C482CD21FCECA53BA36A0,
				B171835182C59DF9DC4D66F6,
				37F7D0A6AE0D0D5A3125548B,
			);
			name = "JUCE Library Code";
			sourceTree = "<group>";
		};
		966EE238811978784E584074 /* CSCalc */ = {
			isa = PBXGroup;
			children = (
				AFE9A447A571ACCF7ACEEA60,
				5D1A3ED50099D74A467DCE80,
				F8C46BBE9BED61D5E79295FB,
				F53EFFA1A53D542F7012CB90,
				CDBED57DA4601425ABF9ECB8,
				0073BE0746AB55341C5954B7,
				FD6E3D1E4AE89E8DD65400DA,
				7CF96CA1675F5B3005B02F94,
			);
			name = CSCalc;
			sourceTree = "<group>";
		};
		99A3DFE74AEBDD905DA89F55 /* Source */ = {
			isa = PBXGroup;
			children = (
				966EE238811978784E584074,
				3D5E798E005744B0E94EA270,
				4629C4527BFFA6B08A5433CD,
				3D6766365ECE62282D6A9D27,
				C8B63A5A6DAA8ABC6FBB61FC,
				C3DFDB5FE9FDE8F491AE695B,
			);
			name = Source;
			sourceTree = "<group>";
		};
		AFE9A447A571ACCF7ACEEA60 /* Source */ = {
			isa = PBXGroup;
			children = (
				F6ED805275A9AEFC5AD49368,
				23630238DDE30F4A9A3ED2A3,
				BD5A1EE026BBB00008187ABA,
			);
			name = Source;
			sourceTree = "<group>";
		};
		C3DFDB5FE9FDE8F491AE695B /* Products */ = {
			isa = PBXGroup;
			children = (
				D90B5874F4A5B0264CA5E39A,
			);
			name = Products;
			sourceTree = "<group>";
		};
		C8B63A5A6DAA8ABC6FBB61FC /* Frameworks */ = {
			isa = PBXGroup;
			children = (
				F0B1F5488E6D25B8AEB963A1,
				8CE3443E61FD825C3E2649B3,
				75D5529A613A6B254A881F86,
				4AC51021EB9F8CCDFFF4A0EE,
				0F17E84D37CD09436037B00B,
			);
			name = Frameworks;
			sourceTree = "<group>";
		};
/* End PBXGroup section */

/* Begin PBXNativeTarget section */
		9A9446E5979CF3CEB5B24D87 /* CSCalc - App */ = {
			isa = PBXNativeTarget;
			buildConfigurationList = 6C15B76AE6239E4CC6139BA4;
			buildPhases = (
				F6479A21D6E1DAA0AD59C697,
				CA7AE110B5910776A518726B,
				E3225BE3D70C86591A7B9CAD,
			);
			buildRules = (
			);
			dependencies = (
			);
			name = "CSCalc - App";
			productName = CSCalc;
			productReference = D90B5874F4A5B0264CA5E39A;
			productType = "com.apple.product-type.application";
		};
/* End PBXNativeTarget section */

/* Begin PBXProject section */
		FAFB31AD2DE2FE7617BFE2F0 = {
			isa = PBXProject;
			attributes = {
				LastUpgradeCheck = 1310;
				ORGANIZATIONNAME = "";
				TargetAttributes = {
					9A9446E5979CF3CEB5B24D87 = {
						SystemCapabilities = {
							com.apple.ApplicationGroups.iOS = {
								enabled = 0;
							};
							com.apple.HardenedRuntime = {
								enabled = 0;
							};
							com.apple.InAppPurchase = {
								enabled = 0;
							};
							com.apple.InterAppAudio = {
								enabled = 0;
							};
							com.apple.Push = {
								enabled = 0;
							};
							com.apple.Sandbox = {
								enabled = 0;
							};
						};
					};
				};
			};
			buildConfigurationList = BA3EF3F21C558B2E499489BB;
			compatibilityVersion = "Xcode 3.2";
			hasScannedForEncodings = 0;
			knownRegions = (
				en,
				Base,
			);
			mainGroup = 99A3DFE74AEBDD905DA89F55;
			projectDirPath = "";
			projectRoot = "";
			targets = (
				9A9446E5979CF3CEB5B24D87,
			);
		};
/* End PBXProject section */

/* Begin PBXResourcesBuildPhase section */
		F6479A21D6E1DAA0AD59C697 = {
			isa = PBXResourcesBuildPhase;
			buildActionMask = 2147483647;
			files = (
				6187762598C1C104F2BE6323,
			);
			runOnlyForDeploymentPostprocessing = 0;
		};
/* End PBXResourcesBuildPhase section */

/* Begin PBXSourcesBuildPhase section */
		CA7AE110B5910776A518726B = {
			isa = PBXSourcesBuildPhase;
			buildActionMask = 2147483647;
			files = (
				FB7F6B6D6F80B268A75B5354,
				22BB1106A31731F200FE35C9,
				43F653542AC2967BABD7D3C3,
				55EDEB3D0EB27066848503A4,
				65576D113FAFFE06451DD550,
				DB82A708997443FDCB7ECA1C,
				3E3BFF06E05CDB447A10B726,
				D571254F3038DF6EBEA8EC84,
				A493288ADDDD6659FCA5A7B7,
				6AFA05EB026619E6547B994D,
				DC66F6C806E887AAACF0233B,
			);
			runOnlyForDeploymentPostprocessing = 0;
		};
/* End PBXSourcesBuildPhase section */

/* Begin XCBuildConfiguration section */
		5B43DB347F1AD9F0B70F5531 /* Debug */ = {
			isa = XCBuildConfiguration;
			buildSettings = {
				CLANG_CXX_LANGUAGE_STANDARD = "c++14";
				CLANG_CXX_LIBRARY = "libc++";
				CLANG_LINK_OBJC_RUNTIME = NO;
				CODE_SIGN_IDENTITY = "-";
				CODE_SIGN_STYLE = Manual;
				COMBINE_HIDPI_IMAGES = YES;
				CONFIGURATION_BUILD_DIR = "$(PROJECT_DIR)/build/$(CONFIGURATION)";
				COPY_PHASE_STRIP = NO;
				EXCLUDED_ARCHS = "";
				GCC_DYNAMIC_NO_PIC = NO;
				GCC_OPTIMIZATION_LEVEL = 0;
				GCC_PREPROCESSOR_DEFINITIONS = (
					"_DEBUG=1",
					"DEBUG=1",
					"JUCE_DISPLAY_SPLASH_SCREEN=1",
					"JUCE_USE_DARK_SPLASH_SCREEN=0",
					"JUCE_PROJUCER_VERSION=0x60103",
					"JUCE_MODULE_AVAILABLE_juce_core=1",
					"JUCE_MODULE_AVAILABLE_juce_data_structures=1",
					"JUCE_MODULE_AVAILABLE_juce_events=1",
					"JUCE_MODULE_AVAILABLE_juce_graphics=1",
					"JUCE_MODULE_AVAILABLE_juce_gui_basics=1",
					"JUCE_GLOBAL_MODULE_SETTINGS_INCLUDED=1",
					"JUCE_STRICT_REFCOUNTEDPOINTER=1",
					"JUCE_STANDALONE_APPLICATION=1",
					"JUCER_XCODE_MAC_F6D2F4CF=1",
					"JUCE_APP_VERSION=1.0.0",
					"JUCE_APP_VERSION_HEX=0x10000",
					"JucePlugin_Build_VST=0",
					"JucePlugin_Build_VST3=0",
					"JucePlugin_Build_AU=0",
					"JucePlugin_Build_AUv3=0",
					"JucePlugin_Build_RTAS=0",
					"JucePlugin_Build_AAX=0",
					"JucePlugin_Build_Standalone=0",
					"JucePlugin_Build_Unity=0",
				);
				GCC_VERSION = com.apple.compilers.llvm.clang.1_0;
				HEADER_SEARCH_PATHS = (
					"$(SRCROOT)/../../JuceLibraryCode",
					"$(HOME)/JUCE/modules",
					"$(inherited)",
				);
				INFOPLIST_FILE = Info-App.plist;
				INFOPLIST_PREPROCESS = NO;
				INSTALL_PATH = "$(HOME)/Applications";
				MACOSX_DEPLOYMENT_TARGET = 10.11;
				MTL_HEADER_SEARCH_PATHS = "$(SRCROOT)/../../JuceLibraryCode $(HOME)/JUCE/modules";
				PRODUCT_BUNDLE_IDENTIFIER = dnaldoog.topaz.ne.jp;
				PRODUCT_NAME = "CSCalc";
				PROVISIONING_PROFILE_SPECIFIER = "";
				USE_HEADERMAP = NO;
				VALID_ARCHS = "i386 x86_64 arm64 arm64e";
			};
			name = Debug;
		};
		69BCA1FC6161701257D32BCB /* Release */ = {
			isa = XCBuildConfiguration;
			buildSettings = {
				ALWAYS_SEARCH_USER_PATHS = NO;
				CLANG_ENABLE_OBJC_WEAK = YES;
				CLANG_WARN_BLOCK_CAPTURE_AUTORELEASING = YES;
				CLANG_WARN_BOOL_CONVERSION = YES;
				CLANG_WARN_COMMA = YES;
				CLANG_WARN_CONSTANT_CONVERSION = YES;
				CLANG_WARN_DEPRECATED_OBJC_IMPLEMENTATIONS = YES;
				CLANG_WARN_EMPTY_BODY = YES;
				CLANG_WARN_ENUM_CONVERSION = YES;
				CLANG_WARN_INFINITE_RECURSION = YES;
				CLANG_WARN_INT_CONVERSION = YES;
				CLANG_WARN_NON_LITERAL_NULL_CONVERSION = YES;
				CLANG_WARN_OBJC_IMPLICIT_RETAIN_SELF = YES;
				CLANG_WARN_OBJC_LITERAL_CONVERSION = YES;
				CLANG_WARN_RANGE_LOOP_ANALYSIS = YES;
				CLANG_WARN_STRICT_PROTOTYPES = YES;
				CLANG_WARN_SUSPICIOUS_MOVE = YES;
				CLANG_WARN_UNREACHABLE_CODE = YES;
				CLANG_WARN__DUPLICATE_METHOD_MATCH = YES;
				CODE_SIGN_IDENTITY = "-";
				DEBUG_INFORMATION_FORMAT = dwarf;
				ENABLE_STRICT_OBJC_MSGSEND = YES;
				ENABLE_TESTABILITY = NO;
				GCC_C_LANGUAGE_STANDARD = c11;
				GCC_INLINES_ARE_PRIVATE_EXTERN = YES;
				GCC_MODEL_TUNING = G5;
				GCC_NO_COMMON_BLOCKS = YES;
				GCC_SYMBOLS_PRIVATE_EXTERN = YES;
				GCC_WARN_64_TO_32_BIT_CONVERSION = YES;
				GCC_WARN_ABOUT_RETURN_TYPE = YES;
				GCC_WARN_CHECK_SWITCH_STATEMENTS = YES;
				GCC_WARN_MISSING_PARENTHESES = YES;
				GCC_WARN_NON_VIRTUAL_DESTRUCTOR = YES;
				GCC_WARN_TYPECHECK_CALLS_TO_PRINTF = YES;
				GCC_WARN_UNDECLARED_SELECTOR = YES;
				GCC_WARN_UNINITIALIZED_AUTOS = YES;
				GCC_WARN_UNUSED_FUNCTION = YES;
				GCC_WARN_UNUSED_VARIABLE = YES;
				PRODUCT_NAME = "CSCalc";
				SDKROOT = macosx;
				WARNING_CFLAGS = "-Wreorder";
				ZERO_LINK = NO;
			};
			name = Release;
		};
		A19478D9F5BD13804F63BC39 /* Debug */ = {
			isa = XCBuildConfiguration;
			buildSettings = {
				ALWAYS_SEARCH_USER_PATHS = NO;
				CLANG_ENABLE_OBJC_WEAK = YES;
				CLANG_WARN_BLOCK_CAPTURE_AUTORELEASING = YES;
				CLANG_WARN_BOOL_CONVERSION = YES;
				CLANG_WARN_COMMA = YES;
				CLANG_WARN_CONSTANT_CONVERSION = YES;
				CLANG_WARN_DEPRECATED_OBJC_IMPLEMENTATIONS = YES;
				CLANG_WARN_EMPTY_BODY = YES;
				CLANG_WARN_ENUM_CONVERSION = YES;
				CLANG_WARN_INFINITE_RECURSION = YES;
				CLANG_WARN_INT_CONVERSION = YES;
				CLANG_WARN_NON_LITERAL_NULL_CONVERSION = YES;
				CLANG_WARN_OBJC_IMPLICIT_RETAIN_SELF = YES;
				CLANG_WARN_OBJC_LITERAL_CONVERSION = YES;
				CLANG_WARN_RANGE_LOOP_ANALYSIS = YES;
				CLANG_WARN_STRICT_PROTOTYPES = YES;
				CLANG_WARN_SUSPICIOUS_MOVE = YES;
				CLANG_WARN_UNREACHABLE_CODE = YES;
				CLANG_WARN__DUPLICATE_METHOD_MATCH = YES;
				CODE_SIGN_IDENTITY = "-";
				DEBUG_INFORMATION_FORMAT = dwarf;
				ENABLE_STRICT_OBJC_MSGSEND = YES;
				ENABLE_TESTABILITY = NO;
				GCC_C_LANGUAGE_STANDARD = c11;
				GCC_INLINES_ARE_PRIVATE_EXTERN = YES;
				GCC_MODEL_TUNING = G5;
				GCC_NO_COMMON_BLOCKS = YES;
				GCC_SYMBOLS_PRIVATE_EXTERN = YES;
				GCC_WARN_64_TO_32_BIT_CONVERSION = YES;
				GCC_WARN_ABOUT_RETURN_TYPE = YES;
				GCC_WARN_CHECK_SWITCH_STATEMENTS = YES;
				GCC_WARN_MISSING_PARENTHESES = YES;
				GCC_WARN_NON_VIRTUAL_DESTRUCTOR = YES;
				GCC_WARN_TYPECHECK_CALLS_TO_PRINTF = YES;
				GCC_WARN_UNDECLARED_SELECTOR = YES;
				GCC_WARN_UNINITIALIZED_AUTOS = YES;
				GCC_WARN_UNUSED_FUNCTION = YES;
				GCC_WARN_UNUSED_VARIABLE = YES;
				ONLY_ACTIVE_ARCH = YES;
				PRODUCT_NAME = "CSCalc";
				SDKROOT = macosx;
				WARNING_CFLAGS = "-Wreorder";
				ZERO_LINK = NO;
			};
			name = Debug;
		};
		C387BCD854D16F4C3474F737 /* Release */ = {
			isa = XCBuildConfiguration;
			buildSettings = {
				CLANG_CXX_LANGUAGE_STANDARD = "c++14";
				CLANG_CXX_LIBRARY = "libc++";
				CLANG_LINK_OBJC_RUNTIME = NO;
				CODE_SIGN_IDENTITY = "-";
				CODE_SIGN_STYLE = Manual;
				COMBINE_HIDPI_IMAGES = YES;
				CONFIGURATION_BUILD_DIR = "$(PROJECT_DIR)/build/$(CONFIGURATION)";
				DEAD_CODE_STRIPPING = YES;
				EXCLUDED_ARCHS = "";
				GCC_GENERATE_DEBUGGING_SYMBOLS = NO;
				GCC_OPTIMIZATION_LEVEL = 3;
				GCC_PREPROCESSOR_DEFINITIONS = (
					"_NDEBUG=1",
					"NDEBUG=1",
					"JUCE_DISPLAY_SPLASH_SCREEN=1",
					"JUCE_USE_DARK_SPLASH_SCREEN=0",
					"JUCE_PROJUCER_VERSION=0x60103",
					"JUCE_MODULE_AVAILABLE_juce_core=1",
					"JUCE_MODULE_AVAILABLE_juce_data_structures=1",
					"JUCE_MODULE_AVAILABLE_juce_events=1",
					"JUCE_MODULE_AVAILABLE_juce_graphics=1",
					"JUCE_MODULE_AVAILABLE_juce_gui_basics=1",
					"JUCE_GLOBAL_MODULE_SETTINGS_INCLUDED=1",
					"JUCE_STRICT_REFCOUNTEDPOINTER=1",
					"JUCE_STANDALONE_APPLICATION=1",
					"JUCER_XCODE_MAC_F6D2F4CF=1",
					"JUCE_APP_VERSION=1.0.0",
					"JUCE_APP_VERSION_HEX=0x10000",
					"JucePlugin_Build_VST=0",
					"JucePlugin_Build_VST3=0",
					"JucePlugin_Build_AU=0",
					"JucePlugin_Build_AUv3=0",
					"JucePlugin_Build_RTAS=0",
					"JucePlugin_Build_AAX=0",
					"JucePlugin_Build_Standalone=0",
					"JucePlugin_Build_Unity=0",
				);
				GCC_VERSION = com.apple.compilers.llvm.clang.1_0;
				HEADER_SEARCH_PATHS = (
					"$(SRCROOT)/../../JuceLibraryCode",
					"$(HOME)/JUCE/modules",
					"$(inherited)",
				);
				INFOPLIST_FILE = Info-App.plist;
				INFOPLIST_PREPROCESS = NO;
				INSTALL_PATH = "$(HOME)/Applications";
				LLVM_LTO = YES;
				MACOSX_DEPLOYMENT_TARGET = 10.11;
				MTL_HEADER_SEARCH_PATHS = "$(SRCROOT)/../../JuceLibraryCode $(HOME)/JUCE/modules";
				PRODUCT_BUNDLE_IDENTIFIER = dnaldoog.topaz.ne.jp;
				PRODUCT_NAME = "CSCalc";
				PROVISIONING_PROFILE_SPECIFIER = "";
				USE_HEADERMAP = NO;
				VALID_ARCHS = "i386 x86_64 arm64 arm64e";
			};
			name = Release;
		};
/* End XCBuildConfiguration section */

/* Begin XCConfigurationList section */
		6C15B76AE6239E4CC6139BA4 = {
			isa = XCConfigurationList;
			buildConfigurations = (
				5B43DB347F1AD9F0B70F5531,
				C387BCD854D16F4C3474F737,
			);
			defaultConfigurationIsVisible = 0;
			defaultConfigurationName = Debug;
		};
		BA3EF3F21C558B2E499489BB = {
			isa = XCConfigurationList;
			buildConfigurations = (
				69BCA1FC6161701257D32BCB,
				A19478D9F5BD13804F63BC39,
			);
			defaultConfigurationIsVisible = 0;
			defaultConfigurationName = Debug;
		};
/* End XCConfigurationList section */
	};
	rootObject = FAFB31AD2DE2FE7617BFE2F0 /* Project object */;
}
